
Microsoft Visual Studio Solution File, Format Version 12.00
# Visual Studio Version 17
VisualStudioVersion = 17.8.34322.80
MinimumVisualStudioVersion = 10.0.40219.1
Project("{9A19103F-16F7-4668-BE54-9A1E7A4F7556}") = "TraditionalMedicalClinic.Web", "TraditionalMedicalClinic.Web\TraditionalMedicalClinic.Web.csproj", "{F7F56613-48E1-473A-96CD-91CCF30781C8}"
EndProject
Project("{9A19103F-16F7-4668-BE54-9A1E7A4F7556}") = "TraditionalMedicalClinic.Business", "TraditionalMedicalClinic.Business\TraditionalMedicalClinic.Business.csproj", "{F80C8839-0280-4C09-AF79-FC11C56D6293}"
EndProject
Project("{9A19103F-16F7-4668-BE54-9A1E7A4F7556}") = "TraditionalMedicalClinic.Cms", "TraditionalMedicalClinic.Cms\TraditionalMedicalClinic.Cms.csproj", "{14C57EF6-59FD-4A94-8C9D-4C2677006A09}"
EndProject
Global
	GlobalSection(SolutionConfigurationPlatforms) = preSolution
		Debug|Any CPU = Debug|Any CPU
		Release|Any CPU = Release|Any CPU
	EndGlobalSection
	GlobalSection(ProjectConfigurationPlatforms) = postSolution
		{F7F56613-48E1-473A-96CD-91CCF30781C8}.Debug|Any CPU.ActiveCfg = Debug|Any CPU
		{F7F56613-48E1-473A-96CD-91CCF30781C8}.Debug|Any CPU.Build.0 = Debug|Any CPU
		{F7F56613-48E1-473A-96CD-91CCF30781C8}.Release|Any CPU.ActiveCfg = Release|Any CPU
		{F7F56613-48E1-473A-96CD-91CCF30781C8}.Release|Any CPU.Build.0 = Release|Any CPU
		{F80C8839-0280-4C09-AF79-FC11C56D6293}.Debug|Any CPU.ActiveCfg = Debug|Any CPU
		{F80C8839-0280-4C09-AF79-FC11C56D6293}.Debug|Any CPU.Build.0 = Debug|Any CPU
		{F80C8839-0280-4C09-AF79-FC11C56D6293}.Release|Any CPU.ActiveCfg = Release|Any CPU
		{F80C8839-0280-4C09-AF79-FC11C56D6293}.Release|Any CPU.Build.0 = Release|Any CPU
		{14C57EF6-59FD-4A94-8C9D-4C2677006A09}.Debug|Any CPU.ActiveCfg = Debug|Any CPU
		{14C57EF6-59FD-4A94-8C9D-4C2677006A09}.Debug|Any CPU.Build.0 = Debug|Any CPU
		{14C57EF6-59FD-4A94-8C9D-4C2677006A09}.Release|Any CPU.ActiveCfg = Release|Any CPU
		{14C57EF6-59FD-4A94-8C9D-4C2677006A09}.Release|Any CPU.Build.0 = Release|Any CPU
	EndGlobalSection
	GlobalSection(SolutionProperties) = preSolution
		HideSolutionNode = FALSE
	EndGlobalSection
	GlobalSection(ExtensibilityGlobals) = postSolution
		SolutionGuid = {6ACF6C7F-822F-49BC-BBC7-6FB11E927B29}
	EndGlobalSection
EndGlobal
